
Microsoft Visual Studio Solution File, Format Version 12.00
Project("{FAE04EC0-301F-11D3-BF4B-00C04F79EFBC}") = "qs.FindElementsForSum", "qs.FindElementsForSum\qs.FindElementsForSum.csproj", "{17A20756-CF6A-42BA-8576-6655EC710876}"
EndProject
Project("{FAE04EC0-301F-11D3-BF4B-00C04F79EFBC}") = "qs.FindElementsForSum.Tests", "qs.FindElementsForSum.Tests\qs.FindElementsForSum.Tests.csproj", "{8BE44732-E1BE-41E5-815E-FA106637F3CE}"
EndProject
Global
	GlobalSection(SolutionConfigurationPlatforms) = preSolution
		Debug|Any CPU = Debug|Any CPU
		Release|Any CPU = Release|Any CPU
	EndGlobalSection
	GlobalSection(ProjectConfigurationPlatforms) = postSolution
		{17A20756-CF6A-42BA-8576-6655EC710876}.Debug|Any CPU.ActiveCfg = Debug|Any CPU
		{17A20756-CF6A-42BA-8576-6655EC710876}.Debug|Any CPU.Build.0 = Debug|Any CPU
		{17A20756-CF6A-42BA-8576-6655EC710876}.Release|Any CPU.ActiveCfg = Release|Any CPU
		{17A20756-CF6A-42BA-8576-6655EC710876}.Release|Any CPU.Build.0 = Release|Any CPU
		{8BE44732-E1BE-41E5-815E-FA106637F3CE}.Debug|Any CPU.ActiveCfg = Debug|Any CPU
		{8BE44732-E1BE-41E5-815E-FA106637F3CE}.Debug|Any CPU.Build.0 = Debug|Any CPU
		{8BE44732-E1BE-41E5-815E-FA106637F3CE}.Release|Any CPU.ActiveCfg = Release|Any CPU
		{8BE44732-E1BE-41E5-815E-FA106637F3CE}.Release|Any CPU.Build.0 = Release|Any CPU
	EndGlobalSection
EndGlobal
